
Microsoft Visual Studio Solution File, Format Version 12.00
# Visual Studio Version 17
VisualStudioVersion = 17.14.36401.2 d17.14
MinimumVisualStudioVersion = 10.0.40219.1
Project("{FAE04EC0-301F-11D3-BF4B-00C04F79EFBC}") = "Trabajo_Semana_7", "Trabajo_Semana_7\Trabajo_Semana_7.csproj", "{91C76BFB-FF87-4809-BB04-23406F9DD01D}"
EndProject
Global
	GlobalSection(SolutionConfigurationPlatforms) = preSolution
		Debug|Any CPU = Debug|Any CPU
		Release|Any CPU = Release|Any CPU
	EndGlobalSection
	GlobalSection(ProjectConfigurationPlatforms) = postSolution
		{91C76BFB-FF87-4809-BB04-23406F9DD01D}.Debug|Any CPU.ActiveCfg = Debug|Any CPU
		{91C76BFB-FF87-4809-BB04-23406F9DD01D}.Debug|Any CPU.Build.0 = Debug|Any CPU
		{91C76BFB-FF87-4809-BB04-23406F9DD01D}.Release|Any CPU.ActiveCfg = Release|Any CPU
		{91C76BFB-FF87-4809-BB04-23406F9DD01D}.Release|Any CPU.Build.0 = Release|Any CPU
	EndGlobalSection
	GlobalSection(SolutionProperties) = preSolution
		HideSolutionNode = FALSE
	EndGlobalSection
	GlobalSection(ExtensibilityGlobals) = postSolution
		SolutionGuid = {3E26DCF5-41A3-4B57-BFFC-38D562F6FA48}
	EndGlobalSection
EndGlobal
