
Microsoft Visual Studio Solution File, Format Version 12.00
# Visual Studio Version 17
VisualStudioVersion = 17.14.36401.2 d17.14
MinimumVisualStudioVersion = 10.0.40219.1
Project("{FAE04EC0-301F-11D3-BF4B-00C04F79EFBC}") = "Ejercicio_POO", "Ejercicio_POO\Ejercicio_POO.csproj", "{50C56433-F128-4CDF-B788-B35DBD998E01}"
EndProject
Global
	GlobalSection(SolutionConfigurationPlatforms) = preSolution
		Debug|Any CPU = Debug|Any CPU
		Release|Any CPU = Release|Any CPU
	EndGlobalSection
	GlobalSection(ProjectConfigurationPlatforms) = postSolution
		{50C56433-F128-4CDF-B788-B35DBD998E01}.Debug|Any CPU.ActiveCfg = Debug|Any CPU
		{50C56433-F128-4CDF-B788-B35DBD998E01}.Debug|Any CPU.Build.0 = Debug|Any CPU
		{50C56433-F128-4CDF-B788-B35DBD998E01}.Release|Any CPU.ActiveCfg = Release|Any CPU
		{50C56433-F128-4CDF-B788-B35DBD998E01}.Release|Any CPU.Build.0 = Release|Any CPU
	EndGlobalSection
	GlobalSection(SolutionProperties) = preSolution
		HideSolutionNode = FALSE
	EndGlobalSection
	GlobalSection(ExtensibilityGlobals) = postSolution
		SolutionGuid = {213D14EB-6469-49B6-B647-46E705010135}
	EndGlobalSection
EndGlobal
