
Microsoft Visual Studio Solution File, Format Version 12.00
# Visual Studio Version 17
VisualStudioVersion = 17.14.36401.2 d17.14
MinimumVisualStudioVersion = 10.0.40219.1
Project("{FAE04EC0-301F-11D3-BF4B-00C04F79EFBC}") = "Clase17Feb", "Clase17Feb\Clase17Feb.csproj", "{A49733D2-28CE-49F7-AC69-F02A11BD6F63}"
EndProject
Global
	GlobalSection(SolutionConfigurationPlatforms) = preSolution
		Debug|Any CPU = Debug|Any CPU
		Release|Any CPU = Release|Any CPU
	EndGlobalSection
	GlobalSection(ProjectConfigurationPlatforms) = postSolution
		{A49733D2-28CE-49F7-AC69-F02A11BD6F63}.Debug|Any CPU.ActiveCfg = Debug|Any CPU
		{A49733D2-28CE-49F7-AC69-F02A11BD6F63}.Debug|Any CPU.Build.0 = Debug|Any CPU
		{A49733D2-28CE-49F7-AC69-F02A11BD6F63}.Release|Any CPU.ActiveCfg = Release|Any CPU
		{A49733D2-28CE-49F7-AC69-F02A11BD6F63}.Release|Any CPU.Build.0 = Release|Any CPU
	EndGlobalSection
	GlobalSection(SolutionProperties) = preSolution
		HideSolutionNode = FALSE
	EndGlobalSection
	GlobalSection(ExtensibilityGlobals) = postSolution
		SolutionGuid = {89F73540-6282-472A-8116-21C5E809CF77}
	EndGlobalSection
EndGlobal
